// !$*UTF8*$!
{
	archiveVersion = 1;
	classes = {
	};
	objectVersion = 56;
	objects = {

/* Begin PBXBuildFile section */
		EA4B8B362998F81B00309161 /* RMLocationView.swift in Sources */ = {isa = PBXBuildFile; fileRef = EA4B8B352998F81B00309161 /* RMLocationView.swift */; };
		EA4B8B382999012D00309161 /* RMLocationViewViewModel.swift in Sources */ = {isa = PBXBuildFile; fileRef = EA4B8B372999012D00309161 /* RMLocationViewViewModel.swift */; };
		EA4B8B3A2999097600309161 /* RMGetAllLocationsResponse.swift in Sources */ = {isa = PBXBuildFile; fileRef = EA4B8B392999097600309161 /* RMGetAllLocationsResponse.swift */; };
		EA4B8B3C299921C200309161 /* RMLocationTableViewCell.swift in Sources */ = {isa = PBXBuildFile; fileRef = EA4B8B3B299921C200309161 /* RMLocationTableViewCell.swift */; };
		EA4B8B3F299922EB00309161 /* RMLocationTableViewCellViewModel.swift in Sources */ = {isa = PBXBuildFile; fileRef = EA4B8B3E299922EB00309161 /* RMLocationTableViewCellViewModel.swift */; };
		EA4B8B41299936E100309161 /* RMLocationDetailViewController.swift in Sources */ = {isa = PBXBuildFile; fileRef = EA4B8B40299936E100309161 /* RMLocationDetailViewController.swift */; };
		EA4B8B442999393D00309161 /* RMLocationDetailView.swift in Sources */ = {isa = PBXBuildFile; fileRef = EA4B8B432999393D00309161 /* RMLocationDetailView.swift */; };
		EA4B8B4629993A3D00309161 /* RMLocationDetailViewViewModel.swift in Sources */ = {isa = PBXBuildFile; fileRef = EA4B8B4529993A3D00309161 /* RMLocationDetailViewViewModel.swift */; };
		EA4B8B49299A55D300309161 /* RMSearchView.swift in Sources */ = {isa = PBXBuildFile; fileRef = EA4B8B48299A55D300309161 /* RMSearchView.swift */; };
		EA4B8B4B299A5AAA00309161 /* RMSearchViewViewModel.swift in Sources */ = {isa = PBXBuildFile; fileRef = EA4B8B4A299A5AAA00309161 /* RMSearchViewViewModel.swift */; };
		EA4B8B4D299A5F1D00309161 /* RMNoSearchResultsView.swift in Sources */ = {isa = PBXBuildFile; fileRef = EA4B8B4C299A5F1D00309161 /* RMNoSearchResultsView.swift */; };
		EA4B8B50299A5F7800309161 /* RMNoSearchResultsViewViewModel.swift in Sources */ = {isa = PBXBuildFile; fileRef = EA4B8B4F299A5F7800309161 /* RMNoSearchResultsViewViewModel.swift */; };
		EA4B8B52299A5FE000309161 /* RMSearchInputView.swift in Sources */ = {isa = PBXBuildFile; fileRef = EA4B8B51299A5FE000309161 /* RMSearchInputView.swift */; };
		EA4B8B54299A601900309161 /* RMSearchInputViewViewModel.swift in Sources */ = {isa = PBXBuildFile; fileRef = EA4B8B53299A601900309161 /* RMSearchInputViewViewModel.swift */; };
		EA56E629298857A2006CED68 /* RMGetAllCharactersResponse.swift in Sources */ = {isa = PBXBuildFile; fileRef = EA56E628298857A2006CED68 /* RMGetAllCharactersResponse.swift */; };
		EA56E62B298866B6006CED68 /* RMCharacterListViewViewModel.swift in Sources */ = {isa = PBXBuildFile; fileRef = EA56E62A298866B6006CED68 /* RMCharacterListViewViewModel.swift */; };
		EA56E62D2988683D006CED68 /* RMCharacterListView.swift in Sources */ = {isa = PBXBuildFile; fileRef = EA56E62C2988683D006CED68 /* RMCharacterListView.swift */; };
		EA56E62F2988746B006CED68 /* Extensions.swift in Sources */ = {isa = PBXBuildFile; fileRef = EA56E62E2988746B006CED68 /* Extensions.swift */; };
		EA56E631298A78A4006CED68 /* RMCharacterCollectionViewCell.swift in Sources */ = {isa = PBXBuildFile; fileRef = EA56E630298A78A4006CED68 /* RMCharacterCollectionViewCell.swift */; };
		EA56E633298A7A2B006CED68 /* RMCharacterCollectionViewCellViewModel.swift in Sources */ = {isa = PBXBuildFile; fileRef = EA56E632298A7A2B006CED68 /* RMCharacterCollectionViewCellViewModel.swift */; };
		EA56E636298B0FEA006CED68 /* RMCharacterDetailViewController.swift in Sources */ = {isa = PBXBuildFile; fileRef = EA56E635298B0FEA006CED68 /* RMCharacterDetailViewController.swift */; };
		EA56E638298B110B006CED68 /* RMCharacterDetailView.swift in Sources */ = {isa = PBXBuildFile; fileRef = EA56E637298B110B006CED68 /* RMCharacterDetailView.swift */; };
		EA56E63A298B1159006CED68 /* RMCharacterDetailViewViewModel.swift in Sources */ = {isa = PBXBuildFile; fileRef = EA56E639298B1159006CED68 /* RMCharacterDetailViewViewModel.swift */; };
		EA56E63C298B2A23006CED68 /* RMFooterLoadingCollectionReusableView.swift in Sources */ = {isa = PBXBuildFile; fileRef = EA56E63B298B2A23006CED68 /* RMFooterLoadingCollectionReusableView.swift */; };
		EA56E63E298C67BE006CED68 /* RMImageLoader.swift in Sources */ = {isa = PBXBuildFile; fileRef = EA56E63D298C67BE006CED68 /* RMImageLoader.swift */; };
		EA56E642298FBDAE006CED68 /* RMCharacterPhotoCollectionViewCell.swift in Sources */ = {isa = PBXBuildFile; fileRef = EA56E641298FBDAE006CED68 /* RMCharacterPhotoCollectionViewCell.swift */; };
		EA56E644298FBDC7006CED68 /* RMCharacterInfoCollectionViewCell.swift in Sources */ = {isa = PBXBuildFile; fileRef = EA56E643298FBDC7006CED68 /* RMCharacterInfoCollectionViewCell.swift */; };
		EA56E646298FBDE0006CED68 /* RMCharacterEpisodeCollectionViewCell.swift in Sources */ = {isa = PBXBuildFile; fileRef = EA56E645298FBDE0006CED68 /* RMCharacterEpisodeCollectionViewCell.swift */; };
		EA56E649298FBE4A006CED68 /* RMCharacterPhotoCollectionViewCellViewModel.swift in Sources */ = {isa = PBXBuildFile; fileRef = EA56E648298FBE4A006CED68 /* RMCharacterPhotoCollectionViewCellViewModel.swift */; };
		EA56E64B298FBE64006CED68 /* RMCharacterInfoCollectionViewCellViewModel.swift in Sources */ = {isa = PBXBuildFile; fileRef = EA56E64A298FBE64006CED68 /* RMCharacterInfoCollectionViewCellViewModel.swift */; };
		EA56E64D298FBE73006CED68 /* RMCharacterEpisodeCollectionViewCellViewModel.swift in Sources */ = {isa = PBXBuildFile; fileRef = EA56E64C298FBE73006CED68 /* RMCharacterEpisodeCollectionViewCellViewModel.swift */; };
		EA56E64F299395A8006CED68 /* RMEpisodeDetailViewController.swift in Sources */ = {isa = PBXBuildFile; fileRef = EA56E64E299395A8006CED68 /* RMEpisodeDetailViewController.swift */; };
		EA56E6512993B62C006CED68 /* RMAPICacheManager.swift in Sources */ = {isa = PBXBuildFile; fileRef = EA56E6502993B62C006CED68 /* RMAPICacheManager.swift */; };
		EA56E6532993C0CC006CED68 /* RMEpisodeDetailViewViewModel.swift in Sources */ = {isa = PBXBuildFile; fileRef = EA56E6522993C0CB006CED68 /* RMEpisodeDetailViewViewModel.swift */; };
		EA56E6552993C47F006CED68 /* RMEpisodeDetailView.swift in Sources */ = {isa = PBXBuildFile; fileRef = EA56E6542993C47F006CED68 /* RMEpisodeDetailView.swift */; };
		EA56E6582993D469006CED68 /* RMEpisodeListView.swift in Sources */ = {isa = PBXBuildFile; fileRef = EA56E6572993D469006CED68 /* RMEpisodeListView.swift */; };
		EA56E65A2993DC03006CED68 /* RMEpisodeListViewViewModel.swift in Sources */ = {isa = PBXBuildFile; fileRef = EA56E6592993DC02006CED68 /* RMEpisodeListViewViewModel.swift */; };
		EA56E65C2993E617006CED68 /* RMGetAllEpisodesResponse.swift in Sources */ = {isa = PBXBuildFile; fileRef = EA56E65B2993E617006CED68 /* RMGetAllEpisodesResponse.swift */; };
		EA56E65E2994757E006CED68 /* RMSearchViewController.swift in Sources */ = {isa = PBXBuildFile; fileRef = EA56E65D2994757E006CED68 /* RMSearchViewController.swift */; };
		EA56E6612994F906006CED68 /* RMEpisodeInfoCollectionViewCell.swift in Sources */ = {isa = PBXBuildFile; fileRef = EA56E6602994F906006CED68 /* RMEpisodeInfoCollectionViewCell.swift */; };
		EA56E6642994F9BB006CED68 /* RMEpisodeInfoCollectionViewCellViewModel.swift in Sources */ = {isa = PBXBuildFile; fileRef = EA56E6632994F9BB006CED68 /* RMEpisodeInfoCollectionViewCellViewModel.swift */; };
		EA56E6672997B5AB006CED68 /* RMSettingsViewViewModel.swift in Sources */ = {isa = PBXBuildFile; fileRef = EA56E6662997B5AB006CED68 /* RMSettingsViewViewModel.swift */; };
		EA56E6692997B63D006CED68 /* RMSettingsCellViewModel.swift in Sources */ = {isa = PBXBuildFile; fileRef = EA56E6682997B63D006CED68 /* RMSettingsCellViewModel.swift */; };
		EA56E66B2997B709006CED68 /* RMSettingsOption.swift in Sources */ = {isa = PBXBuildFile; fileRef = EA56E66A2997B709006CED68 /* RMSettingsOption.swift */; };
		EA56E66E2997E098006CED68 /* RMSettingsView.swift in Sources */ = {isa = PBXBuildFile; fileRef = EA56E66D2997E098006CED68 /* RMSettingsView.swift */; };
		EAC57AB02987D142005A1A48 /* AppDelegate.swift in Sources */ = {isa = PBXBuildFile; fileRef = EAC57AAF2987D142005A1A48 /* AppDelegate.swift */; };
		EAC57AB22987D142005A1A48 /* SceneDelegate.swift in Sources */ = {isa = PBXBuildFile; fileRef = EAC57AB12987D142005A1A48 /* SceneDelegate.swift */; };
		EAC57AB42987D142005A1A48 /* RMTabBarViewController.swift in Sources */ = {isa = PBXBuildFile; fileRef = EAC57AB32987D142005A1A48 /* RMTabBarViewController.swift */; };
		EAC57AB92987D143005A1A48 /* Assets.xcassets in Resources */ = {isa = PBXBuildFile; fileRef = EAC57AB82987D143005A1A48 /* Assets.xcassets */; };
		EAC57ABC2987D143005A1A48 /* LaunchScreen.storyboard in Resources */ = {isa = PBXBuildFile; fileRef = EAC57ABA2987D143005A1A48 /* LaunchScreen.storyboard */; };
		EAC57ACB2987D5FE005A1A48 /* RMLocation.swift in Sources */ = {isa = PBXBuildFile; fileRef = EAC57ACA2987D5FE005A1A48 /* RMLocation.swift */; };
		EAC57ACD2987D61D005A1A48 /* RMCharacter.swift in Sources */ = {isa = PBXBuildFile; fileRef = EAC57ACC2987D61D005A1A48 /* RMCharacter.swift */; };
		EAC57AD02987D674005A1A48 /* RMEpisode.swift in Sources */ = {isa = PBXBuildFile; fileRef = EAC57ACF2987D674005A1A48 /* RMEpisode.swift */; };
		EAC57AD32987D745005A1A48 /* RMCharacterViewController.swift in Sources */ = {isa = PBXBuildFile; fileRef = EAC57AD22987D745005A1A48 /* RMCharacterViewController.swift */; };
		EAC57AD52987D752005A1A48 /* RMEpisodeViewController.swift in Sources */ = {isa = PBXBuildFile; fileRef = EAC57AD42987D752005A1A48 /* RMEpisodeViewController.swift */; };
		EAC57AD72987D75E005A1A48 /* RMLocationViewController.swift in Sources */ = {isa = PBXBuildFile; fileRef = EAC57AD62987D75E005A1A48 /* RMLocationViewController.swift */; };
		EAC57AD92987D77E005A1A48 /* RMSettingsViewController.swift in Sources */ = {isa = PBXBuildFile; fileRef = EAC57AD82987D77E005A1A48 /* RMSettingsViewController.swift */; };
		EAC57ADB2987F171005A1A48 /* RMService.swift in Sources */ = {isa = PBXBuildFile; fileRef = EAC57ADA2987F171005A1A48 /* RMService.swift */; };
		EAC57ADD2987F18A005A1A48 /* RMRequest.swift in Sources */ = {isa = PBXBuildFile; fileRef = EAC57ADC2987F18A005A1A48 /* RMRequest.swift */; };
		EAC57ADF2987F2A2005A1A48 /* RMEndPoint.swift in Sources */ = {isa = PBXBuildFile; fileRef = EAC57ADE2987F2A2005A1A48 /* RMEndPoint.swift */; };
		EAC57AE12987FDF3005A1A48 /* RMOrigin.swift in Sources */ = {isa = PBXBuildFile; fileRef = EAC57AE02987FDF2005A1A48 /* RMOrigin.swift */; };
		EAC57AE32987FE86005A1A48 /* RMSingleLocation.swift in Sources */ = {isa = PBXBuildFile; fileRef = EAC57AE22987FE86005A1A48 /* RMSingleLocation.swift */; };
		EAC57AE52988042F005A1A48 /* RMCharacterStatus.swift in Sources */ = {isa = PBXBuildFile; fileRef = EAC57AE42988042F005A1A48 /* RMCharacterStatus.swift */; };
		EAC57AE7298804AB005A1A48 /* RMCharacterGender.swift in Sources */ = {isa = PBXBuildFile; fileRef = EAC57AE6298804AB005A1A48 /* RMCharacterGender.swift */; };
/* End PBXBuildFile section */

/* Begin PBXFileReference section */
		EA4B8B352998F81B00309161 /* RMLocationView.swift */ = {isa = PBXFileReference; lastKnownFileType = sourcecode.swift; path = RMLocationView.swift; sourceTree = "<group>"; };
		EA4B8B372999012D00309161 /* RMLocationViewViewModel.swift */ = {isa = PBXFileReference; lastKnownFileType = sourcecode.swift; path = RMLocationViewViewModel.swift; sourceTree = "<group>"; };
		EA4B8B392999097600309161 /* RMGetAllLocationsResponse.swift */ = {isa = PBXFileReference; lastKnownFileType = sourcecode.swift; path = RMGetAllLocationsResponse.swift; sourceTree = "<group>"; };
		EA4B8B3B299921C200309161 /* RMLocationTableViewCell.swift */ = {isa = PBXFileReference; lastKnownFileType = sourcecode.swift; path = RMLocationTableViewCell.swift; sourceTree = "<group>"; };
		EA4B8B3E299922EB00309161 /* RMLocationTableViewCellViewModel.swift */ = {isa = PBXFileReference; lastKnownFileType = sourcecode.swift; path = RMLocationTableViewCellViewModel.swift; sourceTree = "<group>"; };
		EA4B8B40299936E100309161 /* RMLocationDetailViewController.swift */ = {isa = PBXFileReference; lastKnownFileType = sourcecode.swift; path = RMLocationDetailViewController.swift; sourceTree = "<group>"; };
		EA4B8B432999393D00309161 /* RMLocationDetailView.swift */ = {isa = PBXFileReference; lastKnownFileType = sourcecode.swift; path = RMLocationDetailView.swift; sourceTree = "<group>"; };
		EA4B8B4529993A3D00309161 /* RMLocationDetailViewViewModel.swift */ = {isa = PBXFileReference; lastKnownFileType = sourcecode.swift; path = RMLocationDetailViewViewModel.swift; sourceTree = "<group>"; };
		EA4B8B48299A55D300309161 /* RMSearchView.swift */ = {isa = PBXFileReference; lastKnownFileType = sourcecode.swift; path = RMSearchView.swift; sourceTree = "<group>"; };
		EA4B8B4A299A5AAA00309161 /* RMSearchViewViewModel.swift */ = {isa = PBXFileReference; lastKnownFileType = sourcecode.swift; path = RMSearchViewViewModel.swift; sourceTree = "<group>"; };
		EA4B8B4C299A5F1D00309161 /* RMNoSearchResultsView.swift */ = {isa = PBXFileReference; lastKnownFileType = sourcecode.swift; path = RMNoSearchResultsView.swift; sourceTree = "<group>"; };
		EA4B8B4F299A5F7800309161 /* RMNoSearchResultsViewViewModel.swift */ = {isa = PBXFileReference; lastKnownFileType = sourcecode.swift; path = RMNoSearchResultsViewViewModel.swift; sourceTree = "<group>"; };
		EA4B8B51299A5FE000309161 /* RMSearchInputView.swift */ = {isa = PBXFileReference; lastKnownFileType = sourcecode.swift; path = RMSearchInputView.swift; sourceTree = "<group>"; };
		EA4B8B53299A601900309161 /* RMSearchInputViewViewModel.swift */ = {isa = PBXFileReference; lastKnownFileType = sourcecode.swift; path = RMSearchInputViewViewModel.swift; sourceTree = "<group>"; };
		EA56E628298857A2006CED68 /* RMGetAllCharactersResponse.swift */ = {isa = PBXFileReference; lastKnownFileType = sourcecode.swift; path = RMGetAllCharactersResponse.swift; sourceTree = "<group>"; };
		EA56E62A298866B6006CED68 /* RMCharacterListViewViewModel.swift */ = {isa = PBXFileReference; lastKnownFileType = sourcecode.swift; path = RMCharacterListViewViewModel.swift; sourceTree = "<group>"; };
		EA56E62C2988683D006CED68 /* RMCharacterListView.swift */ = {isa = PBXFileReference; lastKnownFileType = sourcecode.swift; path = RMCharacterListView.swift; sourceTree = "<group>"; };
		EA56E62E2988746B006CED68 /* Extensions.swift */ = {isa = PBXFileReference; lastKnownFileType = sourcecode.swift; path = Extensions.swift; sourceTree = "<group>"; };
		EA56E630298A78A4006CED68 /* RMCharacterCollectionViewCell.swift */ = {isa = PBXFileReference; lastKnownFileType = sourcecode.swift; path = RMCharacterCollectionViewCell.swift; sourceTree = "<group>"; };
		EA56E632298A7A2B006CED68 /* RMCharacterCollectionViewCellViewModel.swift */ = {isa = PBXFileReference; lastKnownFileType = sourcecode.swift; path = RMCharacterCollectionViewCellViewModel.swift; sourceTree = "<group>"; };
		EA56E635298B0FEA006CED68 /* RMCharacterDetailViewController.swift */ = {isa = PBXFileReference; lastKnownFileType = sourcecode.swift; path = RMCharacterDetailViewController.swift; sourceTree = "<group>"; };
		EA56E637298B110B006CED68 /* RMCharacterDetailView.swift */ = {isa = PBXFileReference; lastKnownFileType = sourcecode.swift; path = RMCharacterDetailView.swift; sourceTree = "<group>"; };
		EA56E639298B1159006CED68 /* RMCharacterDetailViewViewModel.swift */ = {isa = PBXFileReference; lastKnownFileType = sourcecode.swift; path = RMCharacterDetailViewViewModel.swift; sourceTree = "<group>"; };
		EA56E63B298B2A23006CED68 /* RMFooterLoadingCollectionReusableView.swift */ = {isa = PBXFileReference; lastKnownFileType = sourcecode.swift; path = RMFooterLoadingCollectionReusableView.swift; sourceTree = "<group>"; };
		EA56E63D298C67BE006CED68 /* RMImageLoader.swift */ = {isa = PBXFileReference; lastKnownFileType = sourcecode.swift; path = RMImageLoader.swift; sourceTree = "<group>"; };
		EA56E641298FBDAE006CED68 /* RMCharacterPhotoCollectionViewCell.swift */ = {isa = PBXFileReference; lastKnownFileType = sourcecode.swift; path = RMCharacterPhotoCollectionViewCell.swift; sourceTree = "<group>"; };
		EA56E643298FBDC7006CED68 /* RMCharacterInfoCollectionViewCell.swift */ = {isa = PBXFileReference; lastKnownFileType = sourcecode.swift; path = RMCharacterInfoCollectionViewCell.swift; sourceTree = "<group>"; };
		EA56E645298FBDE0006CED68 /* RMCharacterEpisodeCollectionViewCell.swift */ = {isa = PBXFileReference; lastKnownFileType = sourcecode.swift; path = RMCharacterEpisodeCollectionViewCell.swift; sourceTree = "<group>"; };
		EA56E648298FBE4A006CED68 /* RMCharacterPhotoCollectionViewCellViewModel.swift */ = {isa = PBXFileReference; lastKnownFileType = sourcecode.swift; path = RMCharacterPhotoCollectionViewCellViewModel.swift; sourceTree = "<group>"; };
		EA56E64A298FBE64006CED68 /* RMCharacterInfoCollectionViewCellViewModel.swift */ = {isa = PBXFileReference; lastKnownFileType = sourcecode.swift; path = RMCharacterInfoCollectionViewCellViewModel.swift; sourceTree = "<group>"; };
		EA56E64C298FBE73006CED68 /* RMCharacterEpisodeCollectionViewCellViewModel.swift */ = {isa = PBXFileReference; lastKnownFileType = sourcecode.swift; path = RMCharacterEpisodeCollectionViewCellViewModel.swift; sourceTree = "<group>"; };
		EA56E64E299395A8006CED68 /* RMEpisodeDetailViewController.swift */ = {isa = PBXFileReference; lastKnownFileType = sourcecode.swift; path = RMEpisodeDetailViewController.swift; sourceTree = "<group>"; };
		EA56E6502993B62C006CED68 /* RMAPICacheManager.swift */ = {isa = PBXFileReference; lastKnownFileType = sourcecode.swift; path = RMAPICacheManager.swift; sourceTree = "<group>"; };
		EA56E6522993C0CB006CED68 /* RMEpisodeDetailViewViewModel.swift */ = {isa = PBXFileReference; lastKnownFileType = sourcecode.swift; path = RMEpisodeDetailViewViewModel.swift; sourceTree = "<group>"; };
		EA56E6542993C47F006CED68 /* RMEpisodeDetailView.swift */ = {isa = PBXFileReference; lastKnownFileType = sourcecode.swift; path = RMEpisodeDetailView.swift; sourceTree = "<group>"; };
		EA56E6572993D469006CED68 /* RMEpisodeListView.swift */ = {isa = PBXFileReference; lastKnownFileType = sourcecode.swift; path = RMEpisodeListView.swift; sourceTree = "<group>"; };
		EA56E6592993DC02006CED68 /* RMEpisodeListViewViewModel.swift */ = {isa = PBXFileReference; lastKnownFileType = sourcecode.swift; path = RMEpisodeListViewViewModel.swift; sourceTree = "<group>"; };
		EA56E65B2993E617006CED68 /* RMGetAllEpisodesResponse.swift */ = {isa = PBXFileReference; lastKnownFileType = sourcecode.swift; path = RMGetAllEpisodesResponse.swift; sourceTree = "<group>"; };
		EA56E65D2994757E006CED68 /* RMSearchViewController.swift */ = {isa = PBXFileReference; lastKnownFileType = sourcecode.swift; path = RMSearchViewController.swift; sourceTree = "<group>"; };
		EA56E6602994F906006CED68 /* RMEpisodeInfoCollectionViewCell.swift */ = {isa = PBXFileReference; lastKnownFileType = sourcecode.swift; path = RMEpisodeInfoCollectionViewCell.swift; sourceTree = "<group>"; };
		EA56E6632994F9BB006CED68 /* RMEpisodeInfoCollectionViewCellViewModel.swift */ = {isa = PBXFileReference; lastKnownFileType = sourcecode.swift; path = RMEpisodeInfoCollectionViewCellViewModel.swift; sourceTree = "<group>"; };
		EA56E6662997B5AB006CED68 /* RMSettingsViewViewModel.swift */ = {isa = PBXFileReference; lastKnownFileType = sourcecode.swift; path = RMSettingsViewViewModel.swift; sourceTree = "<group>"; };
		EA56E6682997B63D006CED68 /* RMSettingsCellViewModel.swift */ = {isa = PBXFileReference; lastKnownFileType = sourcecode.swift; path = RMSettingsCellViewModel.swift; sourceTree = "<group>"; };
		EA56E66A2997B709006CED68 /* RMSettingsOption.swift */ = {isa = PBXFileReference; lastKnownFileType = sourcecode.swift; path = RMSettingsOption.swift; sourceTree = "<group>"; };
		EA56E66D2997E098006CED68 /* RMSettingsView.swift */ = {isa = PBXFileReference; lastKnownFileType = sourcecode.swift; path = RMSettingsView.swift; sourceTree = "<group>"; };
		EAC57AAC2987D142005A1A48 /* RickAndMorty.app */ = {isa = PBXFileReference; explicitFileType = wrapper.application; includeInIndex = 0; path = RickAndMorty.app; sourceTree = BUILT_PRODUCTS_DIR; };
		EAC57AAF2987D142005A1A48 /* AppDelegate.swift */ = {isa = PBXFileReference; lastKnownFileType = sourcecode.swift; path = AppDelegate.swift; sourceTree = "<group>"; };
		EAC57AB12987D142005A1A48 /* SceneDelegate.swift */ = {isa = PBXFileReference; lastKnownFileType = sourcecode.swift; path = SceneDelegate.swift; sourceTree = "<group>"; };
		EAC57AB32987D142005A1A48 /* RMTabBarViewController.swift */ = {isa = PBXFileReference; lastKnownFileType = sourcecode.swift; path = RMTabBarViewController.swift; sourceTree = "<group>"; };
		EAC57AB82987D143005A1A48 /* Assets.xcassets */ = {isa = PBXFileReference; lastKnownFileType = folder.assetcatalog; path = Assets.xcassets; sourceTree = "<group>"; };
		EAC57ABB2987D143005A1A48 /* Base */ = {isa = PBXFileReference; lastKnownFileType = file.storyboard; name = Base; path = Base.lproj/LaunchScreen.storyboard; sourceTree = "<group>"; };
		EAC57ABD2987D143005A1A48 /* Info.plist */ = {isa = PBXFileReference; lastKnownFileType = text.plist.xml; path = Info.plist; sourceTree = "<group>"; };
		EAC57ACA2987D5FE005A1A48 /* RMLocation.swift */ = {isa = PBXFileReference; lastKnownFileType = sourcecode.swift; path = RMLocation.swift; sourceTree = "<group>"; };
		EAC57ACC2987D61D005A1A48 /* RMCharacter.swift */ = {isa = PBXFileReference; lastKnownFileType = sourcecode.swift; path = RMCharacter.swift; sourceTree = "<group>"; };
		EAC57ACF2987D674005A1A48 /* RMEpisode.swift */ = {isa = PBXFileReference; lastKnownFileType = sourcecode.swift; path = RMEpisode.swift; sourceTree = "<group>"; };
		EAC57AD22987D745005A1A48 /* RMCharacterViewController.swift */ = {isa = PBXFileReference; lastKnownFileType = sourcecode.swift; path = RMCharacterViewController.swift; sourceTree = "<group>"; };
		EAC57AD42987D752005A1A48 /* RMEpisodeViewController.swift */ = {isa = PBXFileReference; lastKnownFileType = sourcecode.swift; path = RMEpisodeViewController.swift; sourceTree = "<group>"; };
		EAC57AD62987D75E005A1A48 /* RMLocationViewController.swift */ = {isa = PBXFileReference; lastKnownFileType = sourcecode.swift; path = RMLocationViewController.swift; sourceTree = "<group>"; };
		EAC57AD82987D77E005A1A48 /* RMSettingsViewController.swift */ = {isa = PBXFileReference; lastKnownFileType = sourcecode.swift; path = RMSettingsViewController.swift; sourceTree = "<group>"; };
		EAC57ADA2987F171005A1A48 /* RMService.swift */ = {isa = PBXFileReference; lastKnownFileType = sourcecode.swift; path = RMService.swift; sourceTree = "<group>"; };
		EAC57ADC2987F18A005A1A48 /* RMRequest.swift */ = {isa = PBXFileReference; lastKnownFileType = sourcecode.swift; path = RMRequest.swift; sourceTree = "<group>"; };
		EAC57ADE2987F2A2005A1A48 /* RMEndPoint.swift */ = {isa = PBXFileReference; lastKnownFileType = sourcecode.swift; path = RMEndPoint.swift; sourceTree = "<group>"; };
		EAC57AE02987FDF2005A1A48 /* RMOrigin.swift */ = {isa = PBXFileReference; lastKnownFileType = sourcecode.swift; path = RMOrigin.swift; sourceTree = "<group>"; };
		EAC57AE22987FE86005A1A48 /* RMSingleLocation.swift */ = {isa = PBXFileReference; lastKnownFileType = sourcecode.swift; path = RMSingleLocation.swift; sourceTree = "<group>"; };
		EAC57AE42988042F005A1A48 /* RMCharacterStatus.swift */ = {isa = PBXFileReference; lastKnownFileType = sourcecode.swift; path = RMCharacterStatus.swift; sourceTree = "<group>"; };
		EAC57AE6298804AB005A1A48 /* RMCharacterGender.swift */ = {isa = PBXFileReference; lastKnownFileType = sourcecode.swift; path = RMCharacterGender.swift; sourceTree = "<group>"; };
/* End PBXFileReference section */

/* Begin PBXFrameworksBuildPhase section */
		EAC57AA92987D142005A1A48 /* Frameworks */ = {
			isa = PBXFrameworksBuildPhase;
			buildActionMask = 2147483647;
			files = (
			);
			runOnlyForDeploymentPostprocessing = 0;
		};
/* End PBXFrameworksBuildPhase section */

/* Begin PBXGroup section */
		EA4B8B342998F7F700309161 /* Location */ = {
			isa = PBXGroup;
			children = (
				EA4B8B352998F81B00309161 /* RMLocationView.swift */,
				EA4B8B3B299921C200309161 /* RMLocationTableViewCell.swift */,
			);
			path = Location;
			sourceTree = "<group>";
		};
		EA4B8B3D2999229200309161 /* Locations */ = {
			isa = PBXGroup;
			children = (
				EA4B8B372999012D00309161 /* RMLocationViewViewModel.swift */,
				EA4B8B3E299922EB00309161 /* RMLocationTableViewCellViewModel.swift */,
				EA4B8B4529993A3D00309161 /* RMLocationDetailViewViewModel.swift */,
			);
			path = Locations;
			sourceTree = "<group>";
		};
		EA4B8B422999391500309161 /* LocationDetails */ = {
			isa = PBXGroup;
			children = (
				EA4B8B432999393D00309161 /* RMLocationDetailView.swift */,
			);
			path = LocationDetails;
			sourceTree = "<group>";
		};
		EA4B8B47299A55B800309161 /* Search */ = {
			isa = PBXGroup;
			children = (
				EA4B8B48299A55D300309161 /* RMSearchView.swift */,
				EA4B8B4C299A5F1D00309161 /* RMNoSearchResultsView.swift */,
				EA4B8B51299A5FE000309161 /* RMSearchInputView.swift */,
			);
			path = Search;
			sourceTree = "<group>";
		};
		EA4B8B4E299A5F3F00309161 /* Search */ = {
			isa = PBXGroup;
			children = (
				EA4B8B4A299A5AAA00309161 /* RMSearchViewViewModel.swift */,
				EA4B8B4F299A5F7800309161 /* RMNoSearchResultsViewViewModel.swift */,
				EA4B8B53299A601900309161 /* RMSearchInputViewViewModel.swift */,
			);
			path = Search;
			sourceTree = "<group>";
		};
		EA56E62629885721006CED68 /* DataTypes */ = {
			isa = PBXGroup;
			children = (
				EAC57ACC2987D61D005A1A48 /* RMCharacter.swift */,
				EAC57ACA2987D5FE005A1A48 /* RMLocation.swift */,
				EAC57ACF2987D674005A1A48 /* RMEpisode.swift */,
				EAC57AE02987FDF2005A1A48 /* RMOrigin.swift */,
				EAC57AE22987FE86005A1A48 /* RMSingleLocation.swift */,
				EAC57AE42988042F005A1A48 /* RMCharacterStatus.swift */,
				EAC57AE6298804AB005A1A48 /* RMCharacterGender.swift */,
			);
			path = DataTypes;
			sourceTree = "<group>";
		};
		EA56E6272988576E006CED68 /* APIResponseTypes */ = {
			isa = PBXGroup;
			children = (
				EA56E628298857A2006CED68 /* RMGetAllCharactersResponse.swift */,
				EA56E65B2993E617006CED68 /* RMGetAllEpisodesResponse.swift */,
				EA4B8B392999097600309161 /* RMGetAllLocationsResponse.swift */,
			);
			path = APIResponseTypes;
			sourceTree = "<group>";
		};
		EA56E634298B0FB4006CED68 /* Other */ = {
			isa = PBXGroup;
			children = (
				EA56E635298B0FEA006CED68 /* RMCharacterDetailViewController.swift */,
				EA56E64E299395A8006CED68 /* RMEpisodeDetailViewController.swift */,
				EA56E65D2994757E006CED68 /* RMSearchViewController.swift */,
				EA4B8B40299936E100309161 /* RMLocationDetailViewController.swift */,
			);
			path = Other;
			sourceTree = "<group>";
		};
		EA56E63F298FBD49006CED68 /* CharacterDetails */ = {
			isa = PBXGroup;
			children = (
				EA56E637298B110B006CED68 /* RMCharacterDetailView.swift */,
				EA56E641298FBDAE006CED68 /* RMCharacterPhotoCollectionViewCell.swift */,
				EA56E643298FBDC7006CED68 /* RMCharacterInfoCollectionViewCell.swift */,
				EA56E645298FBDE0006CED68 /* RMCharacterEpisodeCollectionViewCell.swift */,
			);
			path = CharacterDetails;
			sourceTree = "<group>";
		};
		EA56E640298FBD72006CED68 /* Character */ = {
			isa = PBXGroup;
			children = (
				EA56E62C2988683D006CED68 /* RMCharacterListView.swift */,
				EA56E630298A78A4006CED68 /* RMCharacterCollectionViewCell.swift */,
			);
			path = Character;
			sourceTree = "<group>";
		};
		EA56E647298FBDF8006CED68 /* CharacterDetail */ = {
			isa = PBXGroup;
			children = (
				EA56E639298B1159006CED68 /* RMCharacterDetailViewViewModel.swift */,
				EA56E648298FBE4A006CED68 /* RMCharacterPhotoCollectionViewCellViewModel.swift */,
				EA56E64A298FBE64006CED68 /* RMCharacterInfoCollectionViewCellViewModel.swift */,
				EA56E64C298FBE73006CED68 /* RMCharacterEpisodeCollectionViewCellViewModel.swift */,
			);
			path = CharacterDetail;
			sourceTree = "<group>";
		};
		EA56E6562993D444006CED68 /* Episode */ = {
			isa = PBXGroup;
			children = (
				EA56E6572993D469006CED68 /* RMEpisodeListView.swift */,
			);
			path = Episode;
			sourceTree = "<group>";
		};
		EA56E65F2994F8BE006CED68 /* EpisodeDetails */ = {
			isa = PBXGroup;
			children = (
				EA56E6542993C47F006CED68 /* RMEpisodeDetailView.swift */,
				EA56E6602994F906006CED68 /* RMEpisodeInfoCollectionViewCell.swift */,
			);
			path = EpisodeDetails;
			sourceTree = "<group>";
		};
		EA56E6622994F924006CED68 /* EpisodeDetail */ = {
			isa = PBXGroup;
			children = (
				EA56E6522993C0CB006CED68 /* RMEpisodeDetailViewViewModel.swift */,
				EA56E6632994F9BB006CED68 /* RMEpisodeInfoCollectionViewCellViewModel.swift */,
			);
			path = EpisodeDetail;
			sourceTree = "<group>";
		};
		EA56E6652997B583006CED68 /* Settings */ = {
			isa = PBXGroup;
			children = (
				EA56E6662997B5AB006CED68 /* RMSettingsViewViewModel.swift */,
				EA56E6682997B63D006CED68 /* RMSettingsCellViewModel.swift */,
				EA56E66A2997B709006CED68 /* RMSettingsOption.swift */,
			);
			path = Settings;
			sourceTree = "<group>";
		};
		EA56E66C2997E059006CED68 /* SwiftUI */ = {
			isa = PBXGroup;
			children = (
				EA56E66D2997E098006CED68 /* RMSettingsView.swift */,
			);
			path = SwiftUI;
			sourceTree = "<group>";
		};
		EAC57AA32987D142005A1A48 = {
			isa = PBXGroup;
			children = (
				EAC57AAE2987D142005A1A48 /* RickAndMorty */,
				EAC57AAD2987D142005A1A48 /* Products */,
			);
			sourceTree = "<group>";
		};
		EAC57AAD2987D142005A1A48 /* Products */ = {
			isa = PBXGroup;
			children = (
				EAC57AAC2987D142005A1A48 /* RickAndMorty.app */,
			);
			name = Products;
			sourceTree = "<group>";
		};
		EAC57AAE2987D142005A1A48 /* RickAndMorty */ = {
			isa = PBXGroup;
			children = (
				EAC57AC92987D449005A1A48 /* Resources */,
				EAC57AC82987D43A005A1A48 /* APIClient */,
				EAC57AC72987D42D005A1A48 /* Managers */,
				EAC57AC62987D416005A1A48 /* ViewModels */,
				EAC57AC52987D3F4005A1A48 /* Views */,
				EAC57AC42987D3ED005A1A48 /* Models */,
				EAC57AC32987D3E5005A1A48 /* Controllers */,
				EAC57ABD2987D143005A1A48 /* Info.plist */,
			);
			path = RickAndMorty;
			sourceTree = "<group>";
		};
		EAC57AC32987D3E5005A1A48 /* Controllers */ = {
			isa = PBXGroup;
			children = (
				EA56E634298B0FB4006CED68 /* Other */,
				EAC57AD12987D6ED005A1A48 /* Core */,
			);
			path = Controllers;
			sourceTree = "<group>";
		};
		EAC57AC42987D3ED005A1A48 /* Models */ = {
			isa = PBXGroup;
			children = (
				EA56E6272988576E006CED68 /* APIResponseTypes */,
				EA56E62629885721006CED68 /* DataTypes */,
			);
			path = Models;
			sourceTree = "<group>";
		};
		EAC57AC52987D3F4005A1A48 /* Views */ = {
			isa = PBXGroup;
			children = (
				EA4B8B47299A55B800309161 /* Search */,
				EA4B8B422999391500309161 /* LocationDetails */,
				EA4B8B342998F7F700309161 /* Location */,
				EA56E66C2997E059006CED68 /* SwiftUI */,
				EA56E65F2994F8BE006CED68 /* EpisodeDetails */,
				EA56E6562993D444006CED68 /* Episode */,
				EA56E63F298FBD49006CED68 /* CharacterDetails */,
				EA56E640298FBD72006CED68 /* Character */,
				EA56E63B298B2A23006CED68 /* RMFooterLoadingCollectionReusableView.swift */,
			);
			path = Views;
			sourceTree = "<group>";
		};
		EAC57AC62987D416005A1A48 /* ViewModels */ = {
			isa = PBXGroup;
			children = (
				EA4B8B4E299A5F3F00309161 /* Search */,
				EA4B8B3D2999229200309161 /* Locations */,
				EA56E6652997B583006CED68 /* Settings */,
				EA56E6622994F924006CED68 /* EpisodeDetail */,
				EA56E647298FBDF8006CED68 /* CharacterDetail */,
				EA56E62A298866B6006CED68 /* RMCharacterListViewViewModel.swift */,
				EA56E632298A7A2B006CED68 /* RMCharacterCollectionViewCellViewModel.swift */,
				EA56E6592993DC02006CED68 /* RMEpisodeListViewViewModel.swift */,
			);
			path = ViewModels;
			sourceTree = "<group>";
		};
		EAC57AC72987D42D005A1A48 /* Managers */ = {
			isa = PBXGroup;
			children = (
				EA56E63D298C67BE006CED68 /* RMImageLoader.swift */,
				EA56E6502993B62C006CED68 /* RMAPICacheManager.swift */,
			);
			path = Managers;
			sourceTree = "<group>";
		};
		EAC57AC82987D43A005A1A48 /* APIClient */ = {
			isa = PBXGroup;
			children = (
				EAC57ADA2987F171005A1A48 /* RMService.swift */,
				EAC57ADC2987F18A005A1A48 /* RMRequest.swift */,
				EAC57ADE2987F2A2005A1A48 /* RMEndPoint.swift */,
			);
			path = APIClient;
			sourceTree = "<group>";
		};
		EAC57AC92987D449005A1A48 /* Resources */ = {
			isa = PBXGroup;
			children = (
				EAC57AAF2987D142005A1A48 /* AppDelegate.swift */,
				EAC57AB12987D142005A1A48 /* SceneDelegate.swift */,
				EAC57AB82987D143005A1A48 /* Assets.xcassets */,
				EAC57ABA2987D143005A1A48 /* LaunchScreen.storyboard */,
				EA56E62E2988746B006CED68 /* Extensions.swift */,
			);
			path = Resources;
			sourceTree = "<group>";
		};
		EAC57AD12987D6ED005A1A48 /* Core */ = {
			isa = PBXGroup;
			children = (
				EAC57AB32987D142005A1A48 /* RMTabBarViewController.swift */,
				EAC57AD22987D745005A1A48 /* RMCharacterViewController.swift */,
				EAC57AD62987D75E005A1A48 /* RMLocationViewController.swift */,
				EAC57AD42987D752005A1A48 /* RMEpisodeViewController.swift */,
				EAC57AD82987D77E005A1A48 /* RMSettingsViewController.swift */,
			);
			path = Core;
			sourceTree = "<group>";
		};
/* End PBXGroup section */

/* Begin PBXNativeTarget section */
		EAC57AAB2987D142005A1A48 /* RickAndMorty */ = {
			isa = PBXNativeTarget;
			buildConfigurationList = EAC57AC02987D143005A1A48 /* Build configuration list for PBXNativeTarget "RickAndMorty" */;
			buildPhases = (
				EAC57AA82987D142005A1A48 /* Sources */,
				EAC57AA92987D142005A1A48 /* Frameworks */,
				EAC57AAA2987D142005A1A48 /* Resources */,
			);
			buildRules = (
			);
			dependencies = (
			);
			name = RickAndMorty;
			productName = RickAndMorty;
			productReference = EAC57AAC2987D142005A1A48 /* RickAndMorty.app */;
			productType = "com.apple.product-type.application";
		};
/* End PBXNativeTarget section */

/* Begin PBXProject section */
		EAC57AA42987D142005A1A48 /* Project object */ = {
			isa = PBXProject;
			attributes = {
				BuildIndependentTargetsInParallel = 1;
				LastSwiftUpdateCheck = 1400;
				LastUpgradeCheck = 1400;
				TargetAttributes = {
					EAC57AAB2987D142005A1A48 = {
						CreatedOnToolsVersion = 14.0.1;
					};
				};
			};
			buildConfigurationList = EAC57AA72987D142005A1A48 /* Build configuration list for PBXProject "RickAndMorty" */;
			compatibilityVersion = "Xcode 14.0";
			developmentRegion = en;
			hasScannedForEncodings = 0;
			knownRegions = (
				en,
				Base,
			);
			mainGroup = EAC57AA32987D142005A1A48;
			productRefGroup = EAC57AAD2987D142005A1A48 /* Products */;
			projectDirPath = "";
			projectRoot = "";
			targets = (
				EAC57AAB2987D142005A1A48 /* RickAndMorty */,
			);
		};
/* End PBXProject section */

/* Begin PBXResourcesBuildPhase section */
		EAC57AAA2987D142005A1A48 /* Resources */ = {
			isa = PBXResourcesBuildPhase;
			buildActionMask = 2147483647;
			files = (
				EAC57ABC2987D143005A1A48 /* LaunchScreen.storyboard in Resources */,
				EAC57AB92987D143005A1A48 /* Assets.xcassets in Resources */,
			);
			runOnlyForDeploymentPostprocessing = 0;
		};
/* End PBXResourcesBuildPhase section */

/* Begin PBXSourcesBuildPhase section */
		EAC57AA82987D142005A1A48 /* Sources */ = {
			isa = PBXSourcesBuildPhase;
			buildActionMask = 2147483647;
			files = (
				EA56E629298857A2006CED68 /* RMGetAllCharactersResponse.swift in Sources */,
				EA56E63A298B1159006CED68 /* RMCharacterDetailViewViewModel.swift in Sources */,
				EAC57AE12987FDF3005A1A48 /* RMOrigin.swift in Sources */,
				EA56E65E2994757E006CED68 /* RMSearchViewController.swift in Sources */,
				EA4B8B4B299A5AAA00309161 /* RMSearchViewViewModel.swift in Sources */,
				EA56E62D2988683D006CED68 /* RMCharacterListView.swift in Sources */,
				EA4B8B50299A5F7800309161 /* RMNoSearchResultsViewViewModel.swift in Sources */,
				EAC57AE32987FE86005A1A48 /* RMSingleLocation.swift in Sources */,
				EAC57AE52988042F005A1A48 /* RMCharacterStatus.swift in Sources */,
				EAC57AE7298804AB005A1A48 /* RMCharacterGender.swift in Sources */,
				EA4B8B4629993A3D00309161 /* RMLocationDetailViewViewModel.swift in Sources */,
				EA56E636298B0FEA006CED68 /* RMCharacterDetailViewController.swift in Sources */,
				EA4B8B4D299A5F1D00309161 /* RMNoSearchResultsView.swift in Sources */,
				EA56E63C298B2A23006CED68 /* RMFooterLoadingCollectionReusableView.swift in Sources */,
				EA56E6582993D469006CED68 /* RMEpisodeListView.swift in Sources */,
				EAC57AD72987D75E005A1A48 /* RMLocationViewController.swift in Sources */,
				EAC57AD02987D674005A1A48 /* RMEpisode.swift in Sources */,
				EA56E644298FBDC7006CED68 /* RMCharacterInfoCollectionViewCell.swift in Sources */,
				EA56E6672997B5AB006CED68 /* RMSettingsViewViewModel.swift in Sources */,
				EA4B8B3C299921C200309161 /* RMLocationTableViewCell.swift in Sources */,
				EAC57AB42987D142005A1A48 /* RMTabBarViewController.swift in Sources */,
				EAC57AB02987D142005A1A48 /* AppDelegate.swift in Sources */,
				EA56E64B298FBE64006CED68 /* RMCharacterInfoCollectionViewCellViewModel.swift in Sources */,
				EA56E66B2997B709006CED68 /* RMSettingsOption.swift in Sources */,
				EA4B8B54299A601900309161 /* RMSearchInputViewViewModel.swift in Sources */,
				EAC57AB22987D142005A1A48 /* SceneDelegate.swift in Sources */,
				EA56E63E298C67BE006CED68 /* RMImageLoader.swift in Sources */,
				EAC57ACB2987D5FE005A1A48 /* RMLocation.swift in Sources */,
				EA4B8B41299936E100309161 /* RMLocationDetailViewController.swift in Sources */,
				EAC57AD92987D77E005A1A48 /* RMSettingsViewController.swift in Sources */,
				EA56E642298FBDAE006CED68 /* RMCharacterPhotoCollectionViewCell.swift in Sources */,
				EA56E64D298FBE73006CED68 /* RMCharacterEpisodeCollectionViewCellViewModel.swift in Sources */,
				EA56E6692997B63D006CED68 /* RMSettingsCellViewModel.swift in Sources */,
				EA56E66E2997E098006CED68 /* RMSettingsView.swift in Sources */,
				EA56E631298A78A4006CED68 /* RMCharacterCollectionViewCell.swift in Sources */,
				EA4B8B49299A55D300309161 /* RMSearchView.swift in Sources */,
				EA56E62F2988746B006CED68 /* Extensions.swift in Sources */,
				EA56E649298FBE4A006CED68 /* RMCharacterPhotoCollectionViewCellViewModel.swift in Sources */,
				EA4B8B52299A5FE000309161 /* RMSearchInputView.swift in Sources */,
				EAC57ADF2987F2A2005A1A48 /* RMEndPoint.swift in Sources */,
				EA4B8B3A2999097600309161 /* RMGetAllLocationsResponse.swift in Sources */,
				EAC57ADB2987F171005A1A48 /* RMService.swift in Sources */,
				EAC57ACD2987D61D005A1A48 /* RMCharacter.swift in Sources */,
				EA56E64F299395A8006CED68 /* RMEpisodeDetailViewController.swift in Sources */,
				EA56E6552993C47F006CED68 /* RMEpisodeDetailView.swift in Sources */,
				EA4B8B442999393D00309161 /* RMLocationDetailView.swift in Sources */,
				EA4B8B3F299922EB00309161 /* RMLocationTableViewCellViewModel.swift in Sources */,
				EAC57AD32987D745005A1A48 /* RMCharacterViewController.swift in Sources */,
				EA56E633298A7A2B006CED68 /* RMCharacterCollectionViewCellViewModel.swift in Sources */,
				EAC57ADD2987F18A005A1A48 /* RMRequest.swift in Sources */,
				EA56E62B298866B6006CED68 /* RMCharacterListViewViewModel.swift in Sources */,
				EA56E646298FBDE0006CED68 /* RMCharacterEpisodeCollectionViewCell.swift in Sources */,
				EAC57AD52987D752005A1A48 /* RMEpisodeViewController.swift in Sources */,
				EA4B8B362998F81B00309161 /* RMLocationView.swift in Sources */,
				EA56E65A2993DC03006CED68 /* RMEpisodeListViewViewModel.swift in Sources */,
				EA56E6512993B62C006CED68 /* RMAPICacheManager.swift in Sources */,
				EA56E65C2993E617006CED68 /* RMGetAllEpisodesResponse.swift in Sources */,
				EA56E6642994F9BB006CED68 /* RMEpisodeInfoCollectionViewCellViewModel.swift in Sources */,
				EA56E6612994F906006CED68 /* RMEpisodeInfoCollectionViewCell.swift in Sources */,
				EA56E6532993C0CC006CED68 /* RMEpisodeDetailViewViewModel.swift in Sources */,
				EA56E638298B110B006CED68 /* RMCharacterDetailView.swift in Sources */,
				EA4B8B382999012D00309161 /* RMLocationViewViewModel.swift in Sources */,
			);
			runOnlyForDeploymentPostprocessing = 0;
		};
/* End PBXSourcesBuildPhase section */

/* Begin PBXVariantGroup section */
		EAC57ABA2987D143005A1A48 /* LaunchScreen.storyboard */ = {
			isa = PBXVariantGroup;
			children = (
				EAC57ABB2987D143005A1A48 /* Base */,
			);
			name = LaunchScreen.storyboard;
			sourceTree = "<group>";
		};
/* End PBXVariantGroup section */

/* Begin XCBuildConfiguration section */
		EAC57ABE2987D143005A1A48 /* Debug */ = {
			isa = XCBuildConfiguration;
			buildSettings = {
				ALWAYS_SEARCH_USER_PATHS = NO;
				CLANG_ANALYZER_NONNULL = YES;
				CLANG_ANALYZER_NUMBER_OBJECT_CONVERSION = YES_AGGRESSIVE;
				CLANG_CXX_LANGUAGE_STANDARD = "gnu++20";
				CLANG_ENABLE_MODULES = YES;
				CLANG_ENABLE_OBJC_ARC = YES;
				CLANG_ENABLE_OBJC_WEAK = YES;
				CLANG_WARN_BLOCK_CAPTURE_AUTORELEASING = YES;
				CLANG_WARN_BOOL_CONVERSION = YES;
				CLANG_WARN_COMMA = YES;
				CLANG_WARN_CONSTANT_CONVERSION = YES;
				CLANG_WARN_DEPRECATED_OBJC_IMPLEMENTATIONS = YES;
				CLANG_WARN_DIRECT_OBJC_ISA_USAGE = YES_ERROR;
				CLANG_WARN_DOCUMENTATION_COMMENTS = YES;
				CLANG_WARN_EMPTY_BODY = YES;
				CLANG_WARN_ENUM_CONVERSION = YES;
				CLANG_WARN_INFINITE_RECURSION = YES;
				CLANG_WARN_INT_CONVERSION = YES;
				CLANG_WARN_NON_LITERAL_NULL_CONVERSION = YES;
				CLANG_WARN_OBJC_IMPLICIT_RETAIN_SELF = YES;
				CLANG_WARN_OBJC_LITERAL_CONVERSION = YES;
				CLANG_WARN_OBJC_ROOT_CLASS = YES_ERROR;
				CLANG_WARN_QUOTED_INCLUDE_IN_FRAMEWORK_HEADER = YES;
				CLANG_WARN_RANGE_LOOP_ANALYSIS = YES;
				CLANG_WARN_STRICT_PROTOTYPES = YES;
				CLANG_WARN_SUSPICIOUS_MOVE = YES;
				CLANG_WARN_UNGUARDED_AVAILABILITY = YES_AGGRESSIVE;
				CLANG_WARN_UNREACHABLE_CODE = YES;
				CLANG_WARN__DUPLICATE_METHOD_MATCH = YES;
				COPY_PHASE_STRIP = NO;
				DEBUG_INFORMATION_FORMAT = dwarf;
				ENABLE_STRICT_OBJC_MSGSEND = YES;
				ENABLE_TESTABILITY = YES;
				GCC_C_LANGUAGE_STANDARD = gnu11;
				GCC_DYNAMIC_NO_PIC = NO;
				GCC_NO_COMMON_BLOCKS = YES;
				GCC_OPTIMIZATION_LEVEL = 0;
				GCC_PREPROCESSOR_DEFINITIONS = (
					"DEBUG=1",
					"$(inherited)",
				);
				GCC_WARN_64_TO_32_BIT_CONVERSION = YES;
				GCC_WARN_ABOUT_RETURN_TYPE = YES_ERROR;
				GCC_WARN_UNDECLARED_SELECTOR = YES;
				GCC_WARN_UNINITIALIZED_AUTOS = YES_AGGRESSIVE;
				GCC_WARN_UNUSED_FUNCTION = YES;
				GCC_WARN_UNUSED_VARIABLE = YES;
				IPHONEOS_DEPLOYMENT_TARGET = 16.0;
				MTL_ENABLE_DEBUG_INFO = INCLUDE_SOURCE;
				MTL_FAST_MATH = YES;
				ONLY_ACTIVE_ARCH = YES;
				SDKROOT = iphoneos;
				SWIFT_ACTIVE_COMPILATION_CONDITIONS = DEBUG;
				SWIFT_OPTIMIZATION_LEVEL = "-Onone";
			};
			name = Debug;
		};
		EAC57ABF2987D143005A1A48 /* Release */ = {
			isa = XCBuildConfiguration;
			buildSettings = {
				ALWAYS_SEARCH_USER_PATHS = NO;
				CLANG_ANALYZER_NONNULL = YES;
				CLANG_ANALYZER_NUMBER_OBJECT_CONVERSION = YES_AGGRESSIVE;
				CLANG_CXX_LANGUAGE_STANDARD = "gnu++20";
				CLANG_ENABLE_MODULES = YES;
				CLANG_ENABLE_OBJC_ARC = YES;
				CLANG_ENABLE_OBJC_WEAK = YES;
				CLANG_WARN_BLOCK_CAPTURE_AUTORELEASING = YES;
				CLANG_WARN_BOOL_CONVERSION = YES;
				CLANG_WARN_COMMA = YES;
				CLANG_WARN_CONSTANT_CONVERSION = YES;
				CLANG_WARN_DEPRECATED_OBJC_IMPLEMENTATIONS = YES;
				CLANG_WARN_DIRECT_OBJC_ISA_USAGE = YES_ERROR;
				CLANG_WARN_DOCUMENTATION_COMMENTS = YES;
				CLANG_WARN_EMPTY_BODY = YES;
				CLANG_WARN_ENUM_CONVERSION = YES;
				CLANG_WARN_INFINITE_RECURSION = YES;
				CLANG_WARN_INT_CONVERSION = YES;
				CLANG_WARN_NON_LITERAL_NULL_CONVERSION = YES;
				CLANG_WARN_OBJC_IMPLICIT_RETAIN_SELF = YES;
				CLANG_WARN_OBJC_LITERAL_CONVERSION = YES;
				CLANG_WARN_OBJC_ROOT_CLASS = YES_ERROR;
				CLANG_WARN_QUOTED_INCLUDE_IN_FRAMEWORK_HEADER = YES;
				CLANG_WARN_RANGE_LOOP_ANALYSIS = YES;
				CLANG_WARN_STRICT_PROTOTYPES = YES;
				CLANG_WARN_SUSPICIOUS_MOVE = YES;
				CLANG_WARN_UNGUARDED_AVAILABILITY = YES_AGGRESSIVE;
				CLANG_WARN_UNREACHABLE_CODE = YES;
				CLANG_WARN__DUPLICATE_METHOD_MATCH = YES;
				COPY_PHASE_STRIP = NO;
				DEBUG_INFORMATION_FORMAT = "dwarf-with-dsym";
				ENABLE_NS_ASSERTIONS = NO;
				ENABLE_STRICT_OBJC_MSGSEND = YES;
				GCC_C_LANGUAGE_STANDARD = gnu11;
				GCC_NO_COMMON_BLOCKS = YES;
				GCC_WARN_64_TO_32_BIT_CONVERSION = YES;
				GCC_WARN_ABOUT_RETURN_TYPE = YES_ERROR;
				GCC_WARN_UNDECLARED_SELECTOR = YES;
				GCC_WARN_UNINITIALIZED_AUTOS = YES_AGGRESSIVE;
				GCC_WARN_UNUSED_FUNCTION = YES;
				GCC_WARN_UNUSED_VARIABLE = YES;
				IPHONEOS_DEPLOYMENT_TARGET = 16.0;
				MTL_ENABLE_DEBUG_INFO = NO;
				MTL_FAST_MATH = YES;
				SDKROOT = iphoneos;
				SWIFT_COMPILATION_MODE = wholemodule;
				SWIFT_OPTIMIZATION_LEVEL = "-O";
				VALIDATE_PRODUCT = YES;
			};
			name = Release;
		};
		EAC57AC12987D143005A1A48 /* Debug */ = {
			isa = XCBuildConfiguration;
			buildSettings = {
				ASSETCATALOG_COMPILER_APPICON_NAME = AppIcon;
				ASSETCATALOG_COMPILER_GLOBAL_ACCENT_COLOR_NAME = AccentColor;
				CODE_SIGN_STYLE = Automatic;
				CURRENT_PROJECT_VERSION = 1;
				GENERATE_INFOPLIST_FILE = YES;
				INFOPLIST_FILE = RickAndMorty/Info.plist;
				INFOPLIST_KEY_CFBundleDisplayName = "Rick & Morty";
				INFOPLIST_KEY_LSApplicationCategoryType = "public.app-category.education";
				INFOPLIST_KEY_UIApplicationSupportsIndirectInputEvents = YES;
				INFOPLIST_KEY_UILaunchStoryboardName = LaunchScreen;
				INFOPLIST_KEY_UISupportedInterfaceOrientations_iPad = "UIInterfaceOrientationPortrait UIInterfaceOrientationPortraitUpsideDown UIInterfaceOrientationLandscapeLeft UIInterfaceOrientationLandscapeRight";
				INFOPLIST_KEY_UISupportedInterfaceOrientations_iPhone = "UIInterfaceOrientationPortrait UIInterfaceOrientationLandscapeLeft UIInterfaceOrientationLandscapeRight";
				LD_RUNPATH_SEARCH_PATHS = (
					"$(inherited)",
					"@executable_path/Frameworks",
				);
				MARKETING_VERSION = 1.0;
				PRODUCT_BUNDLE_IDENTIFIER = ceviz.RickAndMorty;
				PRODUCT_NAME = "$(TARGET_NAME)";
				SWIFT_EMIT_LOC_STRINGS = YES;
				SWIFT_VERSION = 5.0;
				TARGETED_DEVICE_FAMILY = "1,2";
			};
			name = Debug;
		};
		EAC57AC22987D143005A1A48 /* Release */ = {
			isa = XCBuildConfiguration;
			buildSettings = {
				ASSETCATALOG_COMPILER_APPICON_NAME = AppIcon;
				ASSETCATALOG_COMPILER_GLOBAL_ACCENT_COLOR_NAME = AccentColor;
				CODE_SIGN_STYLE = Automatic;
				CURRENT_PROJECT_VERSION = 1;
				GENERATE_INFOPLIST_FILE = YES;
				INFOPLIST_FILE = RickAndMorty/Info.plist;
				INFOPLIST_KEY_CFBundleDisplayName = "Rick & Morty";
				INFOPLIST_KEY_LSApplicationCategoryType = "public.app-category.education";
				INFOPLIST_KEY_UIApplicationSupportsIndirectInputEvents = YES;
				INFOPLIST_KEY_UILaunchStoryboardName = LaunchScreen;
				INFOPLIST_KEY_UISupportedInterfaceOrientations_iPad = "UIInterfaceOrientationPortrait UIInterfaceOrientationPortraitUpsideDown UIInterfaceOrientationLandscapeLeft UIInterfaceOrientationLandscapeRight";
				INFOPLIST_KEY_UISupportedInterfaceOrientations_iPhone = "UIInterfaceOrientationPortrait UIInterfaceOrientationLandscapeLeft UIInterfaceOrientationLandscapeRight";
				LD_RUNPATH_SEARCH_PATHS = (
					"$(inherited)",
					"@executable_path/Frameworks",
				);
				MARKETING_VERSION = 1.0;
				PRODUCT_BUNDLE_IDENTIFIER = ceviz.RickAndMorty;
				PRODUCT_NAME = "$(TARGET_NAME)";
				SWIFT_EMIT_LOC_STRINGS = YES;
				SWIFT_VERSION = 5.0;
				TARGETED_DEVICE_FAMILY = "1,2";
			};
			name = Release;
		};
/* End XCBuildConfiguration section */

/* Begin XCConfigurationList section */
		EAC57AA72987D142005A1A48 /* Build configuration list for PBXProject "RickAndMorty" */ = {
			isa = XCConfigurationList;
			buildConfigurations = (
				EAC57ABE2987D143005A1A48 /* Debug */,
				EAC57ABF2987D143005A1A48 /* Release */,
			);
			defaultConfigurationIsVisible = 0;
			defaultConfigurationName = Release;
		};
		EAC57AC02987D143005A1A48 /* Build configuration list for PBXNativeTarget "RickAndMorty" */ = {
			isa = XCConfigurationList;
			buildConfigurations = (
				EAC57AC12987D143005A1A48 /* Debug */,
				EAC57AC22987D143005A1A48 /* Release */,
			);
			defaultConfigurationIsVisible = 0;
			defaultConfigurationName = Release;
		};
/* End XCConfigurationList section */
	};
	rootObject = EAC57AA42987D142005A1A48 /* Project object */;
}
